// !$*UTF8*$!
{
	archiveVersion = 1;
	classes = {
	};
	objectVersion = 48;
	objects = {

/* Begin PBXBuildFile section */
		49946C71202BBD430015ABC0 /* Network.swift in Sources */ = {isa = PBXBuildFile; fileRef = 49946C70202BBD430015ABC0 /* Network.swift */; };
		49946C73202BBE660015ABC0 /* Show.swift in Sources */ = {isa = PBXBuildFile; fileRef = 49946C72202BBE660015ABC0 /* Show.swift */; };
		49946C75202BC3E60015ABC0 /* TrendingCollectionViewController.swift in Sources */ = {isa = PBXBuildFile; fileRef = 49946C74202BC3E60015ABC0 /* TrendingCollectionViewController.swift */; };
		49FBE687202BB6EA00EA7664 /* AppDelegate.swift in Sources */ = {isa = PBXBuildFile; fileRef = 49FBE686202BB6EA00EA7664 /* AppDelegate.swift */; };
		49FBE689202BB6EA00EA7664 /* ViewController.swift in Sources */ = {isa = PBXBuildFile; fileRef = 49FBE688202BB6EA00EA7664 /* ViewController.swift */; };
		49FBE68C202BB6EA00EA7664 /* Main.storyboard in Resources */ = {isa = PBXBuildFile; fileRef = 49FBE68A202BB6EA00EA7664 /* Main.storyboard */; };
		49FBE68E202BB6EA00EA7664 /* Assets.xcassets in Resources */ = {isa = PBXBuildFile; fileRef = 49FBE68D202BB6EA00EA7664 /* Assets.xcassets */; };
		49FBE691202BB6EA00EA7664 /* LaunchScreen.storyboard in Resources */ = {isa = PBXBuildFile; fileRef = 49FBE68F202BB6EA00EA7664 /* LaunchScreen.storyboard */; };
		85BE917C97538478CBADF6B2 /* Pods_ShoppingCart.framework in Frameworks */ = {isa = PBXBuildFile; fileRef = 0AC92D13081B7708292118B4 /* Pods_ShoppingCart.framework */; };
/* End PBXBuildFile section */

/* Begin PBXFileReference section */
		0AC92D13081B7708292118B4 /* Pods_ShoppingCart.framework */ = {isa = PBXFileReference; explicitFileType = wrapper.framework; includeInIndex = 0; path = Pods_ShoppingCart.framework; sourceTree = BUILT_PRODUCTS_DIR; };
		3EE9177623000C8F18103775 /* Pods-ShoppingCart.release.xcconfig */ = {isa = PBXFileReference; includeInIndex = 1; lastKnownFileType = text.xcconfig; name = "Pods-ShoppingCart.release.xcconfig"; path = "Pods/Target Support Files/Pods-ShoppingCart/Pods-ShoppingCart.release.xcconfig"; sourceTree = "<group>"; };
		49946C70202BBD430015ABC0 /* Network.swift */ = {isa = PBXFileReference; lastKnownFileType = sourcecode.swift; path = Network.swift; sourceTree = "<group>"; };
		49946C72202BBE660015ABC0 /* Show.swift */ = {isa = PBXFileReference; lastKnownFileType = sourcecode.swift; path = Show.swift; sourceTree = "<group>"; };
		49946C74202BC3E60015ABC0 /* TrendingCollectionViewController.swift */ = {isa = PBXFileReference; lastKnownFileType = sourcecode.swift; path = TrendingCollectionViewController.swift; sourceTree = "<group>"; };
		49FBE683202BB6EA00EA7664 /* ShoppingCart.app */ = {isa = PBXFileReference; explicitFileType = wrapper.application; includeInIndex = 0; path = ShoppingCart.app; sourceTree = BUILT_PRODUCTS_DIR; };
		49FBE686202BB6EA00EA7664 /* AppDelegate.swift */ = {isa = PBXFileReference; lastKnownFileType = sourcecode.swift; path = AppDelegate.swift; sourceTree = "<group>"; };
		49FBE688202BB6EA00EA7664 /* ViewController.swift */ = {isa = PBXFileReference; lastKnownFileType = sourcecode.swift; path = ViewController.swift; sourceTree = "<group>"; };
		49FBE68B202BB6EA00EA7664 /* Base */ = {isa = PBXFileReference; lastKnownFileType = file.storyboard; name = Base; path = Base.lproj/Main.storyboard; sourceTree = "<group>"; };
		49FBE68D202BB6EA00EA7664 /* Assets.xcassets */ = {isa = PBXFileReference; lastKnownFileType = folder.assetcatalog; path = Assets.xcassets; sourceTree = "<group>"; };
		49FBE690202BB6EA00EA7664 /* Base */ = {isa = PBXFileReference; lastKnownFileType = file.storyboard; name = Base; path = Base.lproj/LaunchScreen.storyboard; sourceTree = "<group>"; };
		49FBE692202BB6EA00EA7664 /* Info.plist */ = {isa = PBXFileReference; lastKnownFileType = text.plist.xml; path = Info.plist; sourceTree = "<group>"; };
		EDD56483683C181A940582B3 /* Pods-ShoppingCart.debug.xcconfig */ = {isa = PBXFileReference; includeInIndex = 1; lastKnownFileType = text.xcconfig; name = "Pods-ShoppingCart.debug.xcconfig"; path = "Pods/Target Support Files/Pods-ShoppingCart/Pods-ShoppingCart.debug.xcconfig"; sourceTree = "<group>"; };
/* End PBXFileReference section */

/* Begin PBXFrameworksBuildPhase section */
		49FBE680202BB6EA00EA7664 /* Frameworks */ = {
			isa = PBXFrameworksBuildPhase;
			buildActionMask = 2147483647;
			files = (
				85BE917C97538478CBADF6B2 /* Pods_ShoppingCart.framework in Frameworks */,
			);
			runOnlyForDeploymentPostprocessing = 0;
		};
/* End PBXFrameworksBuildPhase section */

/* Begin PBXGroup section */
		49FBE67A202BB6EA00EA7664 = {
			isa = PBXGroup;
			children = (
				49FBE685202BB6EA00EA7664 /* ShoppingCart */,
				49FBE684202BB6EA00EA7664 /* Products */,
				DD6241957B51901184C7C754 /* Pods */,
				DCA84298EF6D193515EE6522 /* Frameworks */,
			);
			sourceTree = "<group>";
		};
		49FBE684202BB6EA00EA7664 /* Products */ = {
			isa = PBXGroup;
			children = (
				49FBE683202BB6EA00EA7664 /* ShoppingCart.app */,
			);
			name = Products;
			sourceTree = "<group>";
		};
		49FBE685202BB6EA00EA7664 /* ShoppingCart */ = {
			isa = PBXGroup;
			children = (
				49FBE686202BB6EA00EA7664 /* AppDelegate.swift */,
				49FBE688202BB6EA00EA7664 /* ViewController.swift */,
				49FBE68A202BB6EA00EA7664 /* Main.storyboard */,
				49946C70202BBD430015ABC0 /* Network.swift */,
				49946C74202BC3E60015ABC0 /* TrendingCollectionViewController.swift */,
				49946C72202BBE660015ABC0 /* Show.swift */,
				49FBE68D202BB6EA00EA7664 /* Assets.xcassets */,
				49FBE68F202BB6EA00EA7664 /* LaunchScreen.storyboard */,
				49FBE692202BB6EA00EA7664 /* Info.plist */,
			);
			path = ShoppingCart;
			sourceTree = "<group>";
		};
		DCA84298EF6D193515EE6522 /* Frameworks */ = {
			isa = PBXGroup;
			children = (
				0AC92D13081B7708292118B4 /* Pods_ShoppingCart.framework */,
			);
			name = Frameworks;
			sourceTree = "<group>";
		};
		DD6241957B51901184C7C754 /* Pods */ = {
			isa = PBXGroup;
			children = (
				EDD56483683C181A940582B3 /* Pods-ShoppingCart.debug.xcconfig */,
				3EE9177623000C8F18103775 /* Pods-ShoppingCart.release.xcconfig */,
			);
			name = Pods;
			sourceTree = "<group>";
		};
/* End PBXGroup section */

/* Begin PBXNativeTarget section */
		49FBE682202BB6EA00EA7664 /* ShoppingCart */ = {
			isa = PBXNativeTarget;
			buildConfigurationList = 49FBE695202BB6EA00EA7664 /* Build configuration list for PBXNativeTarget "ShoppingCart" */;
			buildPhases = (
				0543A5E02A8CA6A109B10A94 /* [CP] Check Pods Manifest.lock */,
				49FBE67F202BB6EA00EA7664 /* Sources */,
				49FBE680202BB6EA00EA7664 /* Frameworks */,
				49FBE681202BB6EA00EA7664 /* Resources */,
				A4821A9846BAF8E99C6EDC25 /* [CP] Embed Pods Frameworks */,
				D43A5F019EB8B0808C4AB3AF /* [CP] Copy Pods Resources */,
			);
			buildRules = (
			);
			dependencies = (
			);
			name = ShoppingCart;
			productName = ShoppingCart;
			productReference = 49FBE683202BB6EA00EA7664 /* ShoppingCart.app */;
			productType = "com.apple.product-type.application";
		};
/* End PBXNativeTarget section */

/* Begin PBXProject section */
		49FBE67B202BB6EA00EA7664 /* Project object */ = {
			isa = PBXProject;
			attributes = {
				LastSwiftUpdateCheck = 0920;
				LastUpgradeCheck = 0920;
				ORGANIZATIONNAME = "Andrew Tsukuda";
				TargetAttributes = {
					49FBE682202BB6EA00EA7664 = {
						CreatedOnToolsVersion = 9.2;
						ProvisioningStyle = Automatic;
					};
				};
			};
			buildConfigurationList = 49FBE67E202BB6EA00EA7664 /* Build configuration list for PBXProject "ShoppingCart" */;
			compatibilityVersion = "Xcode 8.0";
			developmentRegion = en;
			hasScannedForEncodings = 0;
			knownRegions = (
				en,
				Base,
			);
			mainGroup = 49FBE67A202BB6EA00EA7664;
			productRefGroup = 49FBE684202BB6EA00EA7664 /* Products */;
			projectDirPath = "";
			projectRoot = "";
			targets = (
				49FBE682202BB6EA00EA7664 /* ShoppingCart */,
			);
		};
/* End PBXProject section */

/* Begin PBXResourcesBuildPhase section */
		49FBE681202BB6EA00EA7664 /* Resources */ = {
			isa = PBXResourcesBuildPhase;
			buildActionMask = 2147483647;
			files = (
				49FBE691202BB6EA00EA7664 /* LaunchScreen.storyboard in Resources */,
				49FBE68E202BB6EA00EA7664 /* Assets.xcassets in Resources */,
				49FBE68C202BB6EA00EA7664 /* Main.storyboard in Resources */,
			);
			runOnlyForDeploymentPostprocessing = 0;
		};
/* End PBXResourcesBuildPhase section */

/* Begin PBXShellScriptBuildPhase section */
		0543A5E02A8CA6A109B10A94 /* [CP] Check Pods Manifest.lock */ = {
			isa = PBXShellScriptBuildPhase;
			buildActionMask = 2147483647;
			files = (
			);
			inputPaths = (
				"${PODS_PODFILE_DIR_PATH}/Podfile.lock",
				"${PODS_ROOT}/Manifest.lock",
			);
			name = "[CP] Check Pods Manifest.lock";
			outputPaths = (
				"$(DERIVED_FILE_DIR)/Pods-ShoppingCart-checkManifestLockResult.txt",
			);
			runOnlyForDeploymentPostprocessing = 0;
			shellPath = /bin/sh;
			shellScript = "diff \"${PODS_PODFILE_DIR_PATH}/Podfile.lock\" \"${PODS_ROOT}/Manifest.lock\" > /dev/null\nif [ $? != 0 ] ; then\n    # print error to STDERR\n    echo \"error: The sandbox is not in sync with the Podfile.lock. Run 'pod install' or update your CocoaPods installation.\" >&2\n    exit 1\nfi\n# This output is used by Xcode 'outputs' to avoid re-running this script phase.\necho \"SUCCESS\" > \"${SCRIPT_OUTPUT_FILE_0}\"\n";
			showEnvVarsInLog = 0;
		};
		A4821A9846BAF8E99C6EDC25 /* [CP] Embed Pods Frameworks */ = {
			isa = PBXShellScriptBuildPhase;
			buildActionMask = 2147483647;
			files = (
			);
			inputPaths = (
				"${SRCROOT}/Pods/Target Support Files/Pods-ShoppingCart/Pods-ShoppingCart-frameworks.sh",
				"${BUILT_PRODUCTS_DIR}/Alamofire/Alamofire.framework",
				"${BUILT_PRODUCTS_DIR}/Kingfisher/Kingfisher.framework",
			);
			name = "[CP] Embed Pods Frameworks";
			outputPaths = (
				"${TARGET_BUILD_DIR}/${FRAMEWORKS_FOLDER_PATH}/Alamofire.framework",
				"${TARGET_BUILD_DIR}/${FRAMEWORKS_FOLDER_PATH}/Kingfisher.framework",
			);
			runOnlyForDeploymentPostprocessing = 0;
			shellPath = /bin/sh;
			shellScript = "\"${SRCROOT}/Pods/Target Support Files/Pods-ShoppingCart/Pods-ShoppingCart-frameworks.sh\"\n";
			showEnvVarsInLog = 0;
		};
		D43A5F019EB8B0808C4AB3AF /* [CP] Copy Pods Resources */ = {
			isa = PBXShellScriptBuildPhase;
			buildActionMask = 2147483647;
			files = (
			);
			inputPaths = (
			);
			name = "[CP] Copy Pods Resources";
			outputPaths = (
			);
			runOnlyForDeploymentPostprocessing = 0;
			shellPath = /bin/sh;
			shellScript = "\"${SRCROOT}/Pods/Target Support Files/Pods-ShoppingCart/Pods-ShoppingCart-resources.sh\"\n";
			showEnvVarsInLog = 0;
		};
/* End PBXShellScriptBuildPhase section */

/* Begin PBXSourcesBuildPhase section */
		49FBE67F202BB6EA00EA7664 /* Sources */ = {
			isa = PBXSourcesBuildPhase;
			buildActionMask = 2147483647;
			files = (
				49FBE689202BB6EA00EA7664 /* ViewController.swift in Sources */,
				49946C75202BC3E60015ABC0 /* TrendingCollectionViewController.swift in Sources */,
				49FBE687202BB6EA00EA7664 /* AppDelegate.swift in Sources */,
				49946C73202BBE660015ABC0 /* Show.swift in Sources */,
				49946C71202BBD430015ABC0 /* Network.swift in Sources */,
			);
			runOnlyForDeploymentPostprocessing = 0;
		};
/* End PBXSourcesBuildPhase section */

/* Begin PBXVariantGroup section */
		49FBE68A202BB6EA00EA7664 /* Main.storyboard */ = {
			isa = PBXVariantGroup;
			children = (
				49FBE68B202BB6EA00EA7664 /* Base */,
			);
			name = Main.storyboard;
			sourceTree = "<group>";
		};
		49FBE68F202BB6EA00EA7664 /* LaunchScreen.storyboard */ = {
			isa = PBXVariantGroup;
			children = (
				49FBE690202BB6EA00EA7664 /* Base */,
			);
			name = LaunchScreen.storyboard;
			sourceTree = "<group>";
		};
/* End PBXVariantGroup section */

/* Begin XCBuildConfiguration section */
		49FBE693202BB6EA00EA7664 /* Debug */ = {
			isa = XCBuildConfiguration;
			buildSettings = {
				ALWAYS_SEARCH_USER_PATHS = NO;
				CLANG_ANALYZER_NONNULL = YES;
				CLANG_ANALYZER_NUMBER_OBJECT_CONVERSION = YES_AGGRESSIVE;
				CLANG_CXX_LANGUAGE_STANDARD = "gnu++14";
				CLANG_CXX_LIBRARY = "libc++";
				CLANG_ENABLE_MODULES = YES;
				CLANG_ENABLE_OBJC_ARC = YES;
				CLANG_WARN_BLOCK_CAPTURE_AUTORELEASING = YES;
				CLANG_WARN_BOOL_CONVERSION = YES;
				CLANG_WARN_COMMA = YES;
				CLANG_WARN_CONSTANT_CONVERSION = YES;
				CLANG_WARN_DIRECT_OBJC_ISA_USAGE = YES_ERROR;
				CLANG_WARN_DOCUMENTATION_COMMENTS = YES;
				CLANG_WARN_EMPTY_BODY = YES;
				CLANG_WARN_ENUM_CONVERSION = YES;
				CLANG_WARN_INFINITE_RECURSION = YES;
				CLANG_WARN_INT_CONVERSION = YES;
				CLANG_WARN_NON_LITERAL_NULL_CONVERSION = YES;
				CLANG_WARN_OBJC_LITERAL_CONVERSION = YES;
				CLANG_WARN_OBJC_ROOT_CLASS = YES_ERROR;
				CLANG_WARN_RANGE_LOOP_ANALYSIS = YES;
				CLANG_WARN_STRICT_PROTOTYPES = YES;
				CLANG_WARN_SUSPICIOUS_MOVE = YES;
				CLANG_WARN_UNGUARDED_AVAILABILITY = YES_AGGRESSIVE;
				CLANG_WARN_UNREACHABLE_CODE = YES;
				CLANG_WARN__DUPLICATE_METHOD_MATCH = YES;
				CODE_SIGN_IDENTITY = "iPhone Developer";
				COPY_PHASE_STRIP = NO;
				DEBUG_INFORMATION_FORMAT = dwarf;
				ENABLE_STRICT_OBJC_MSGSEND = YES;
				ENABLE_TESTABILITY = YES;
				GCC_C_LANGUAGE_STANDARD = gnu11;
				GCC_DYNAMIC_NO_PIC = NO;
				GCC_NO_COMMON_BLOCKS = YES;
				GCC_OPTIMIZATION_LEVEL = 0;
				GCC_PREPROCESSOR_DEFINITIONS = (
					"DEBUG=1",
					"$(inherited)",
				);
				GCC_WARN_64_TO_32_BIT_CONVERSION = YES;
				GCC_WARN_ABOUT_RETURN_TYPE = YES_ERROR;
				GCC_WARN_UNDECLARED_SELECTOR = YES;
				GCC_WARN_UNINITIALIZED_AUTOS = YES_AGGRESSIVE;
				GCC_WARN_UNUSED_FUNCTION = YES;
				GCC_WARN_UNUSED_VARIABLE = YES;
				IPHONEOS_DEPLOYMENT_TARGET = 11.2;
				MTL_ENABLE_DEBUG_INFO = YES;
				ONLY_ACTIVE_ARCH = YES;
				SDKROOT = iphoneos;
				SWIFT_ACTIVE_COMPILATION_CONDITIONS = DEBUG;
				SWIFT_OPTIMIZATION_LEVEL = "-Onone";
			};
			name = Debug;
		};
		49FBE694202BB6EA00EA7664 /* Release */ = {
			isa = XCBuildConfiguration;
			buildSettings = {
				ALWAYS_SEARCH_USER_PATHS = NO;
				CLANG_ANALYZER_NONNULL = YES;
				CLANG_ANALYZER_NUMBER_OBJECT_CONVERSION = YES_AGGRESSIVE;
				CLANG_CXX_LANGUAGE_STANDARD = "gnu++14";
				CLANG_CXX_LIBRARY = "libc++";
				CLANG_ENABLE_MODULES = YES;
				CLANG_ENABLE_OBJC_ARC = YES;
				CLANG_WARN_BLOCK_CAPTURE_AUTORELEASING = YES;
				CLANG_WARN_BOOL_CONVERSION = YES;
				CLANG_WARN_COMMA = YES;
				CLANG_WARN_CONSTANT_CONVERSION = YES;
				CLANG_WARN_DIRECT_OBJC_ISA_USAGE = YES_ERROR;
				CLANG_WARN_DOCUMENTATION_COMMENTS = YES;
				CLANG_WARN_EMPTY_BODY = YES;
				CLANG_WARN_ENUM_CONVERSION = YES;
				CLANG_WARN_INFINITE_RECURSION = YES;
				CLANG_WARN_INT_CONVERSION = YES;
				CLANG_WARN_NON_LITERAL_NULL_CONVERSION = YES;
				CLANG_WARN_OBJC_LITERAL_CONVERSION = YES;
				CLANG_WARN_OBJC_ROOT_CLASS = YES_ERROR;
				CLANG_WARN_RANGE_LOOP_ANALYSIS = YES;
				CLANG_WARN_STRICT_PROTOTYPES = YES;
				CLANG_WARN_SUSPICIOUS_MOVE = YES;
				CLANG_WARN_UNGUARDED_AVAILABILITY = YES_AGGRESSIVE;
				CLANG_WARN_UNREACHABLE_CODE = YES;
				CLANG_WARN__DUPLICATE_METHOD_MATCH = YES;
				CODE_SIGN_IDENTITY = "iPhone Developer";
				COPY_PHASE_STRIP = NO;
				DEBUG_INFORMATION_FORMAT = "dwarf-with-dsym";
				ENABLE_NS_ASSERTIONS = NO;
				ENABLE_STRICT_OBJC_MSGSEND = YES;
				GCC_C_LANGUAGE_STANDARD = gnu11;
				GCC_NO_COMMON_BLOCKS = YES;
				GCC_WARN_64_TO_32_BIT_CONVERSION = YES;
				GCC_WARN_ABOUT_RETURN_TYPE = YES_ERROR;
				GCC_WARN_UNDECLARED_SELECTOR = YES;
				GCC_WARN_UNINITIALIZED_AUTOS = YES_AGGRESSIVE;
				GCC_WARN_UNUSED_FUNCTION = YES;
				GCC_WARN_UNUSED_VARIABLE = YES;
				IPHONEOS_DEPLOYMENT_TARGET = 11.2;
				MTL_ENABLE_DEBUG_INFO = NO;
				SDKROOT = iphoneos;
				SWIFT_OPTIMIZATION_LEVEL = "-Owholemodule";
				VALIDATE_PRODUCT = YES;
			};
			name = Release;
		};
		49FBE696202BB6EA00EA7664 /* Debug */ = {
			isa = XCBuildConfiguration;
			baseConfigurationReference = EDD56483683C181A940582B3 /* Pods-ShoppingCart.debug.xcconfig */;
			buildSettings = {
				ASSETCATALOG_COMPILER_APPICON_NAME = AppIcon;
				CODE_SIGN_STYLE = Automatic;
				DEVELOPMENT_TEAM = YTYUD7N245;
				INFOPLIST_FILE = ShoppingCart/Info.plist;
				LD_RUNPATH_SEARCH_PATHS = "$(inherited) @executable_path/Frameworks";
				PRODUCT_BUNDLE_IDENTIFIER = tsukudabuddha.ShoppingCart;
				PRODUCT_NAME = "$(TARGET_NAME)";
				SWIFT_VERSION = 4.0;
				TARGETED_DEVICE_FAMILY = "1,2";
			};
			name = Debug;
		};
		49FBE697202BB6EA00EA7664 /* Release */ = {
			isa = XCBuildConfiguration;
			baseConfigurationReference = 3EE9177623000C8F18103775 /* Pods-ShoppingCart.release.xcconfig */;
			buildSettings = {
				ASSETCATALOG_COMPILER_APPICON_NAME = AppIcon;
				CODE_SIGN_STYLE = Automatic;
				DEVELOPMENT_TEAM = YTYUD7N245;
				INFOPLIST_FILE = ShoppingCart/Info.plist;
				LD_RUNPATH_SEARCH_PATHS = "$(inherited) @executable_path/Frameworks";
				PRODUCT_BUNDLE_IDENTIFIER = tsukudabuddha.ShoppingCart;
				PRODUCT_NAME = "$(TARGET_NAME)";
				SWIFT_VERSION = 4.0;
				TARGETED_DEVICE_FAMILY = "1,2";
			};
			name = Release;
		};
/* End XCBuildConfiguration section */

/* Begin XCConfigurationList section */
		49FBE67E202BB6EA00EA7664 /* Build configuration list for PBXProject "ShoppingCart" */ = {
			isa = XCConfigurationList;
			buildConfigurations = (
				49FBE693202BB6EA00EA7664 /* Debug */,
				49FBE694202BB6EA00EA7664 /* Release */,
			);
			defaultConfigurationIsVisible = 0;
			defaultConfigurationName = Release;
		};
		49FBE695202BB6EA00EA7664 /* Build configuration list for PBXNativeTarget "ShoppingCart" */ = {
			isa = XCConfigurationList;
			buildConfigurations = (
				49FBE696202BB6EA00EA7664 /* Debug */,
				49FBE697202BB6EA00EA7664 /* Release */,
			);
			defaultConfigurationIsVisible = 0;
			defaultConfigurationName = Release;
		};
/* End XCConfigurationList section */
	};
	rootObject = 49FBE67B202BB6EA00EA7664 /* Project object */;
}
